{
  "name": "server",
  "version": "0.1.0",
  "lockfileVersion": 1,
  "requires": true,
  "dependencies": {
    "bytes": {
      "version": "2.4.0",
      "resolved": "http://registry.npm.taobao.org/bytes/download/bytes-2.4.0.tgz"
    },
    "co": {
      "version": "4.6.0",
      "resolved": "http://registry.npm.taobao.org/co/download/co-4.6.0.tgz"
    },
    "debug": {
      "version": "3.1.0",
      "resolved": "http://registry.npm.taobao.org/debug/download/debug-3.1.0.tgz",
      "dependencies": {
        "ms": {
          "version": "http://registry.npm.taobao.org/ms/download/ms-2.0.0.tgz"
        }
      }
    },
    "depd": {
      "version": "1.1.2",
      "resolved": "http://registry.npm.taobao.org/depd/download/depd-1.1.2.tgz"
    },
    "koa": {
      "version": "2.7.0",
      "resolved": "http://registry.npm.taobao.org/koa/download/koa-2.7.0.tgz",
      "requires": {
        "debug": "~3.1.0",
        "depd": "^1.1.2",
        "koa-convert": "^1.2.0",
        "type-is": "^1.6.16"
      },
      "dependencies": {
        "accepts": {
          "version": "http://registry.npm.taobao.org/accepts/download/accepts-1.3.5.tgz",
          "bundled": true,
          "dependencies": {
            "mime-types": {
              "version": "http://registry.npm.taobao.org/mime-types/download/mime-types-2.1.22.tgz",
              "bundled": true
            },
            "negotiator": {
              "version": "http://registry.npm.taobao.org/negotiator/download/negotiator-0.6.1.tgz",
              "bundled": true
            }
          }
        },
        "cache-content-type": {
          "version": "http://registry.npm.taobao.org/cache-content-type/download/cache-content-type-1.0.1.tgz",
          "bundled": true,
          "dependencies": {
            "mime-types": {
              "version": "http://registry.npm.taobao.org/mime-types/download/mime-types-2.1.22.tgz",
              "bundled": true,
              "dependencies": {
                "mime-db": {
                  "version": "http://registry.npm.taobao.org/mime-db/download/mime-db-1.38.0.tgz",
                  "bundled": true
                }
              }
            },
            "ylru": {
              "version": "http://registry.npm.taobao.org/ylru/download/ylru-1.2.1.tgz",
              "bundled": true
            }
          }
        },
        "content-disposition": {
          "version": "http://registry.npm.taobao.org/content-disposition/download/content-disposition-0.5.3.tgz",
          "bundled": true
        },
        "content-type": {
          "version": "http://registry.npm.taobao.org/content-type/download/content-type-1.0.4.tgz",
          "bundled": true
        },
        "cookies": {
          "version": "http://registry.npm.taobao.org/cookies/download/cookies-0.7.3.tgz",
          "bundled": true
        },
        "debug": {
          "version": "http://registry.npm.taobao.org/debug/download/debug-3.1.0.tgz",
          "bundled": true
        },
        "delegates": {
          "version": "http://registry.npm.taobao.org/delegates/download/delegates-1.0.0.tgz",
          "bundled": true
        },
        "depd": {
          "version": "http://registry.npm.taobao.org/depd/download/depd-1.1.2.tgz",
          "bundled": true
        },
        "destroy": {
          "version": "http://registry.npm.taobao.org/destroy/download/destroy-1.0.4.tgz",
          "bundled": true
        },
        "error-inject": {
          "version": "http://registry.npm.taobao.org/error-inject/download/error-inject-1.0.0.tgz",
          "bundled": true
        },
        "escape-html": {
          "version": "http://registry.npm.taobao.org/escape-html/download/escape-html-1.0.3.tgz",
          "bundled": true
        },
        "fresh": {
          "version": "http://registry.npm.taobao.org/fresh/download/fresh-0.5.2.tgz",
          "bundled": true
        },
        "http-assert": {
          "version": "http://registry.npm.taobao.org/http-assert/download/http-assert-1.4.0.tgz",
          "bundled": true
        },
        "http-errors": {
          "version": "http://registry.npm.taobao.org/http-errors/download/http-errors-1.7.2.tgz",
          "bundled": true,
          "dependencies": {
            "depd": {
              "version": "http://registry.npm.taobao.org/depd/download/depd-1.1.2.tgz",
              "bundled": true
            },
            "inherits": {
              "version": "http://registry.npm.taobao.org/inherits/download/inherits-2.0.3.tgz",
              "bundled": true
            },
            "setprototypeof": {
              "version": "http://registry.npm.taobao.org/setprototypeof/download/setprototypeof-1.1.1.tgz",
              "bundled": true
            },
            "statuses": {
              "version": "http://registry.npm.taobao.org/statuses/download/statuses-1.5.0.tgz",
              "bundled": true
            },
            "toidentifier": {
              "version": "http://registry.npm.taobao.org/toidentifier/download/toidentifier-1.0.0.tgz",
              "bundled": true
            }
          }
        },
        "is-generator-function": {
          "version": "http://registry.npm.taobao.org/is-generator-function/download/is-generator-function-1.0.7.tgz",
          "bundled": true
        },
        "koa-compose": {
          "version": "http://registry.npm.taobao.org/koa-compose/download/koa-compose-4.1.0.tgz",
          "bundled": true
        },
        "koa-convert": {
          "version": "http://registry.npm.taobao.org/koa-convert/download/koa-convert-1.2.0.tgz",
          "bundled": true
        },
        "koa-is-json": {
          "version": "http://registry.npm.taobao.org/koa-is-json/download/koa-is-json-1.0.0.tgz",
          "bundled": true
        },
        "on-finished": {
          "version": "http://registry.npm.taobao.org/on-finished/download/on-finished-2.3.0.tgz",
          "bundled": true
        },
        "only": {
          "version": "http://registry.npm.taobao.org/only/download/only-0.0.2.tgz",
          "bundled": true
        },
        "parseurl": {
          "version": "http://registry.npm.taobao.org/parseurl/download/parseurl-1.3.2.tgz",
          "bundled": true
        },
        "statuses": {
          "version": "http://registry.npm.taobao.org/statuses/download/statuses-1.5.0.tgz",
          "bundled": true
        },
        "type-is": {
          "version": "http://registry.npm.taobao.org/type-is/download/type-is-1.6.16.tgz",
          "bundled": true
        },
        "vary": {
          "version": "http://registry.npm.taobao.org/vary/download/vary-1.1.2.tgz",
          "bundled": true
        }
      }
    },
    "koa-bodyparser": {
      "version": "3.2.0",
      "resolved": "https://registry.npmjs.org/koa-bodyparser/-/koa-bodyparser-3.2.0.tgz",
      "integrity": "sha1-uRbeF+IDn+gmUEgZc9fClPELVxk=",
      "requires": {
        "co-body": "^4.2.0"
      },
      "dependencies": {
        "co-body": {
          "version": "4.2.0",
          "resolved": "https://registry.npmjs.org/co-body/-/co-body-4.2.0.tgz",
          "integrity": "sha1-dN8g+nMmISXcRUgq8E40LqjbNRU=",
          "requires": {
            "inflation": "~2.0.0",
            "qs": "~4.0.0",
            "raw-body": "~2.1.2",
            "type-is": "~1.6.6"
          }
        },
        "iconv-lite": {
          "version": "0.4.13",
          "resolved": "https://registry.npmjs.org/iconv-lite/-/iconv-lite-0.4.13.tgz",
          "integrity": "sha1-H4irpKsLFQjoMSrMOTRfNumS4vI="
        },
        "inflation": {
          "version": "2.0.0",
          "resolved": "https://registry.npmjs.org/inflation/-/inflation-2.0.0.tgz",
          "integrity": "sha1-i0F+R8KPklpFEz2RTKH9OJEH8w8="
        },
        "qs": {
          "version": "4.0.0",
          "resolved": "https://registry.npmjs.org/qs/-/qs-4.0.0.tgz",
          "integrity": "sha1-wx2bdOwn33XlQ6hseHKO2NRiNgc="
        },
        "raw-body": {
          "version": "2.1.7",
          "resolved": "https://registry.npmjs.org/raw-body/-/raw-body-2.1.7.tgz",
          "integrity": "sha1-rf6s4uT7MJgFgBTQjActzFl1h3Q=",
          "requires": {
            "bytes": "2.4.0",
            "iconv-lite": "0.4.13",
            "unpipe": "1.0.0"
          }
        }
      }
    },
    "koa-convert": {
      "version": "1.2.0",
      "resolved": "http://registry.npm.taobao.org/koa-convert/download/koa-convert-1.2.0.tgz",
      "requires": {
        "co": "^4.6.0"
      },
      "dependencies": {
        "co": {
          "version": "http://registry.npm.taobao.org/co/download/co-4.6.0.tgz",
          "bundled": true
        },
        "koa-compose": {
          "version": "http://registry.npm.taobao.org/koa-compose/download/koa-compose-3.2.1.tgz",
          "bundled": true,
          "dependencies": {
            "any-promise": {
              "version": "http://registry.npm.taobao.org/any-promise/download/any-promise-1.3.0.tgz"
            }
          }
        }
      }
    },
    "koa-json": {
      "version": "2.0.2",
      "resolved": "http://registry.npm.taobao.org/koa-json/download/koa-json-2.0.2.tgz",
      "dependencies": {
        "koa-is-json": {
          "version": "http://registry.npm.taobao.org/koa-is-json/download/koa-is-json-1.0.0.tgz",
          "bundled": true
        },
        "streaming-json-stringify": {
          "version": "http://registry.npm.taobao.org/streaming-json-stringify/download/streaming-json-stringify-3.1.0.tgz",
          "bundled": true
        }
      }
    },
    "koa-logger": {
      "version": "2.0.1",
      "resolved": "https://registry.npmjs.org/koa-logger/-/koa-logger-2.0.1.tgz",
      "integrity": "sha1-PuQvRXxA+01KGaExyAIlBLWyMrg=",
      "requires": {
        "bytes": "1",
        "chalk": "^1.1.3",
        "humanize-number": "0.0.2",
        "passthrough-counter": "^1.0.0"
      },
      "dependencies": {
        "ansi-regex": {
          "version": "2.1.1",
          "resolved": "https://registry.npmjs.org/ansi-regex/-/ansi-regex-2.1.1.tgz",
          "integrity": "sha1-w7M6te42DYbg5ijwRorn7yfWVN8="
        },
        "ansi-styles": {
          "version": "2.2.1",
          "resolved": "https://registry.npmjs.org/ansi-styles/-/ansi-styles-2.2.1.tgz",
          "integrity": "sha1-tDLdM1i2NM914eRmQ2gkBTPB3b4="
        },
        "bytes": {
          "version": "1.0.0",
          "resolved": "https://registry.npmjs.org/bytes/-/bytes-1.0.0.tgz",
          "integrity": "sha1-NWnt6Lo0MV+rmcPpLLBMciDeH6g="
        },
        "chalk": {
          "version": "1.1.3",
          "resolved": "https://registry.npmjs.org/chalk/-/chalk-1.1.3.tgz",
          "integrity": "sha1-qBFcVeSnAv5NFQq9OHKCKn4J/Jg=",
          "requires": {
            "ansi-styles": "^2.2.1",
            "escape-string-regexp": "^1.0.2",
            "has-ansi": "^2.0.0",
            "strip-ansi": "^3.0.0",
            "supports-color": "^2.0.0"
          }
        },
        "escape-string-regexp": {
          "version": "1.0.5",
          "resolved": "https://registry.npmjs.org/escape-string-regexp/-/escape-string-regexp-1.0.5.tgz",
          "integrity": "sha1-G2HAViGQqN/2rjuyzwIAyhMLhtQ="
        },
        "has-ansi": {
          "version": "2.0.0",
          "resolved": "https://registry.npmjs.org/has-ansi/-/has-ansi-2.0.0.tgz",
          "integrity": "sha1-NPUEnOHs3ysGSa8+8k5F7TVBbZE=",
          "requires": {
            "ansi-regex": "^2.0.0"
          }
        },
        "humanize-number": {
          "version": "0.0.2",
          "resolved": "https://registry.npmjs.org/humanize-number/-/humanize-number-0.0.2.tgz",
          "integrity": "sha1-EcCvakcWQ2M1iFiASPF5lUFInBg="
        },
        "strip-ansi": {
          "version": "3.0.1",
          "resolved": "https://registry.npmjs.org/strip-ansi/-/strip-ansi-3.0.1.tgz",
          "integrity": "sha1-ajhfuIU9lS1f8F0Oiq+UJ43GPc8=",
          "requires": {
            "ansi-regex": "^2.0.0"
          }
        },
        "supports-color": {
          "version": "2.0.0",
          "resolved": "https://registry.npmjs.org/supports-color/-/supports-color-2.0.0.tgz",
          "integrity": "sha1-U10EXOa2Nj+kARcIRimZXp3zJMc="
        }
      }
    },
    "koa-onerror": {
      "version": "1.3.1",
      "resolved": "https://registry.npmjs.org/koa-onerror/-/koa-onerror-1.3.1.tgz",
      "integrity": "sha1-pbVh4ch+8yieQwF0bgE4LyT/viI=",
      "requires": {
        "copy-to": "~2.0.1",
        "swig": "~1.4.2"
      },
      "dependencies": {
        "copy-to": {
          "version": "2.0.1",
          "resolved": "https://registry.npmjs.org/copy-to/-/copy-to-2.0.1.tgz",
          "integrity": "sha1-JoD7uAaKSNCGVrYJgJK9r8kG9KU="
        }
      }
    },
    "koa-router": {
      "version": "7.4.0",
      "resolved": "http://registry.npm.taobao.org/koa-router/download/koa-router-7.4.0.tgz",
      "requires": {
        "debug": "^3.1.0"
      },
      "dependencies": {
        "debug": {
          "version": "http://registry.npm.taobao.org/debug/download/debug-3.2.6.tgz",
          "bundled": true
        },
        "http-errors": {
          "version": "http://registry.npm.taobao.org/http-errors/download/http-errors-1.7.2.tgz",
          "bundled": true,
          "dependencies": {
            "depd": {
              "version": "http://registry.npm.taobao.org/depd/download/depd-1.1.2.tgz",
              "bundled": true
            },
            "inherits": {
              "version": "http://registry.npm.taobao.org/inherits/download/inherits-2.0.3.tgz",
              "bundled": true
            },
            "setprototypeof": {
              "version": "http://registry.npm.taobao.org/setprototypeof/download/setprototypeof-1.1.1.tgz",
              "bundled": true
            },
            "statuses": {
              "version": "http://registry.npm.taobao.org/statuses/download/statuses-1.5.0.tgz",
              "bundled": true
            },
            "toidentifier": {
              "version": "http://registry.npm.taobao.org/toidentifier/download/toidentifier-1.0.0.tgz",
              "bundled": true
            }
          }
        },
        "koa-compose": {
          "version": "http://registry.npm.taobao.org/koa-compose/download/koa-compose-3.2.1.tgz",
          "bundled": true
        },
        "methods": {
          "version": "http://registry.npm.taobao.org/methods/download/methods-1.1.2.tgz",
          "bundled": true
        },
        "path-to-regexp": {
          "version": "http://registry.npm.taobao.org/path-to-regexp/download/path-to-regexp-1.7.0.tgz",
          "bundled": true
        },
        "urijs": {
          "version": "http://registry.npm.taobao.org/urijs/download/urijs-1.19.1.tgz",
          "bundled": true
        }
      }
    },
    "koa-send": {
      "version": "3.3.0",
      "resolved": "http://registry.npm.taobao.org/koa-send/download/koa-send-3.3.0.tgz",
      "requires": {
        "co": "^4.6.0"
      },
      "dependencies": {
        "co": {
          "version": "http://registry.npm.taobao.org/co/download/co-4.6.0.tgz",
          "bundled": true
        },
        "debug": {
          "version": "http://registry.npm.taobao.org/debug/download/debug-2.6.9.tgz",
          "bundled": true,
          "dependencies": {
            "ms": {
              "version": "http://registry.npm.taobao.org/ms/download/ms-2.0.0.tgz",
              "bundled": true
            }
          }
        },
        "mz": {
          "version": "http://registry.npm.taobao.org/mz/download/mz-2.7.0.tgz",
          "bundled": true
        },
        "resolve-path": {
          "version": "http://registry.npm.taobao.org/resolve-path/download/resolve-path-1.4.0.tgz",
          "bundled": true
        }
      }
    },
    "koa-static": {
      "version": "3.0.0",
      "resolved": "https://registry.npmjs.org/koa-static/-/koa-static-3.0.0.tgz",
      "integrity": "sha1-QEQiM9LAs1wiXkUBmcEL+KU55BY=",
      "requires": {
        "debug": "*",
        "koa-send": "^3.2.0"
      },
      "dependencies": {
        "debug": {
          "version": "3.2.6",
          "resolved": "https://registry.npmjs.org/debug/-/debug-3.2.6.tgz",
          "integrity": "sha512-mel+jf7nrtEl5Pn1Qx46zARXKDpBbvzezse7p7LqINmdoIk8PYP5SySaxEmYv6TZ0JyEKA1hsCId6DIhgITtWQ==",
          "requires": {
            "ms": "^2.1.1"
          }
        },
        "ms": {
          "version": "2.1.1",
          "resolved": "https://registry.npmjs.org/ms/-/ms-2.1.1.tgz",
          "integrity": "sha512-tgp+dl5cGk28utYktBsrFqA7HKgrhgPsg6Z/EfhWI4gl1Hwq8B/GmY/0oXZ6nF8hDVesS/FpnYaD/kOWhYQvyg=="
        }
      }
    },
    "koa2-cors": {
      "version": "2.0.6",
      "resolved": "https://registry.npmjs.org/koa2-cors/-/koa2-cors-2.0.6.tgz",
      "integrity": "sha512-JRCcSM4lamM+8kvKGDKlesYk2ASrmSTczDtGUnIadqMgnHU4Ct5Gw7Bxt3w3m6d6dy3WN0PU4oMP43HbddDEWg=="
    },
    "mongoose": {
      "version": "5.4.19",
      "resolved": "http://registry.npm.taobao.org/mongoose/download/mongoose-5.4.19.tgz",
      "dependencies": {
        "async": {
          "version": "http://registry.npm.taobao.org/async/download/async-2.6.1.tgz",
          "bundled": true
        },
        "bson": {
          "version": "http://registry.npm.taobao.org/bson/download/bson-1.1.1.tgz",
          "bundled": true
        },
        "kareem": {
          "version": "http://registry.npm.taobao.org/kareem/download/kareem-2.3.0.tgz",
          "bundled": true
        },
        "mongodb": {
          "version": "http://registry.npm.taobao.org/mongodb/download/mongodb-3.1.13.tgz",
          "bundled": true
        },
        "mongodb-core": {
          "version": "http://registry.npm.taobao.org/mongodb-core/download/mongodb-core-3.1.11.tgz",
          "bundled": true,
          "dependencies": {
            "bson": {
              "version": "http://registry.npm.taobao.org/bson/download/bson-1.1.1.tgz"
            },
            "require_optional": {
              "version": "http://registry.npm.taobao.org/require_optional/download/require_optional-1.0.1.tgz"
            },
            "safe-buffer": {
              "version": "http://registry.npm.taobao.org/safe-buffer/download/safe-buffer-5.1.2.tgz"
            },
            "saslprep": {
              "version": "http://registry.npm.taobao.org/saslprep/download/saslprep-1.0.2.tgz"
            }
          }
        },
        "mongoose-legacy-pluralize": {
          "version": "http://registry.npm.taobao.org/mongoose-legacy-pluralize/download/mongoose-legacy-pluralize-1.0.2.tgz",
          "bundled": true
        },
        "mpath": {
          "version": "http://registry.npm.taobao.org/mpath/download/mpath-0.5.1.tgz",
          "bundled": true
        },
        "mquery": {
          "version": "http://registry.npm.taobao.org/mquery/download/mquery-3.2.0.tgz",
          "bundled": true
        },
        "ms": {
          "version": "http://registry.npm.taobao.org/ms/download/ms-2.1.1.tgz",
          "bundled": true
        },
        "regexp-clone": {
          "version": "http://registry.npm.taobao.org/regexp-clone/download/regexp-clone-0.0.1.tgz",
          "bundled": true
        },
        "safe-buffer": {
          "version": "http://registry.npm.taobao.org/safe-buffer/download/safe-buffer-5.1.2.tgz",
          "bundled": true
        },
        "sliced": {
          "version": "http://registry.npm.taobao.org/sliced/download/sliced-1.0.1.tgz",
          "bundled": true
        }
      }
    },
    "nodemon": {
      "version": "1.18.10",
      "resolved": "http://registry.npm.taobao.org/nodemon/download/nodemon-1.18.10.tgz",
      "dev": true,
      "requires": {
        "debug": "^3.1.0"
      },
      "dependencies": {
        "chokidar": {
          "version": "http://registry.npm.taobao.org/chokidar/download/chokidar-2.1.2.tgz",
          "bundled": true
        },
        "debug": {
          "version": "http://registry.npm.taobao.org/debug/download/debug-3.2.6.tgz",
          "bundled": true,
          "dependencies": {
            "ms": {
              "version": "http://registry.npm.taobao.org/ms/download/ms-2.1.1.tgz"
            }
          }
        },
        "ignore-by-default": {
          "version": "http://registry.npm.taobao.org/ignore-by-default/download/ignore-by-default-1.0.1.tgz",
          "bundled": true
        },
        "minimatch": {
          "version": "http://registry.npm.taobao.org/minimatch/download/minimatch-3.0.4.tgz",
          "bundled": true
        },
        "pstree.remy": {
          "version": "http://registry.npm.taobao.org/pstree.remy/download/pstree.remy-1.1.6.tgz",
          "bundled": true
        },
        "semver": {
          "version": "http://registry.npm.taobao.org/semver/download/semver-5.6.0.tgz",
          "bundled": true
        },
        "supports-color": {
          "version": "http://registry.npm.taobao.org/supports-color/download/supports-color-5.5.0.tgz",
          "bundled": true
        },
        "touch": {
          "version": "http://registry.npm.taobao.org/touch/download/touch-3.1.0.tgz",
          "bundled": true
        },
        "undefsafe": {
          "version": "http://registry.npm.taobao.org/undefsafe/download/undefsafe-2.0.2.tgz",
          "bundled": true,
          "dependencies": {
            "debug": {
              "version": "http://registry.npm.taobao.org/debug/download/debug-2.6.9.tgz",
              "dependencies": {
                "ms": {
                  "version": "http://registry.npm.taobao.org/ms/download/ms-2.0.0.tgz",
                  "bundled": true
                }
              }
            }
          }
        },
        "update-notifier": {
          "version": "http://registry.npm.taobao.org/update-notifier/download/update-notifier-2.5.0.tgz",
          "bundled": true
        }
      }
    },
    "optimist": {
      "version": "0.6.1",
      "resolved": "http://registry.npm.taobao.org/optimist/download/optimist-0.6.1.tgz",
      "requires": {
        "minimist": "~0.0.1",
        "wordwrap": "~0.0.2"
      },
      "dependencies": {
        "minimist": {
          "version": "0.0.10",
          "resolved": "https://registry.npmjs.org/minimist/-/minimist-0.0.10.tgz",
          "integrity": "sha1-3j+YVD2/lggr5IrRoMfNqDYwHc8="
        },
        "wordwrap": {
          "version": "0.0.3",
          "resolved": "https://registry.npmjs.org/wordwrap/-/wordwrap-0.0.3.tgz",
          "integrity": "sha1-o9XabNXAvAAI03I0u68b7WMFkQc="
        }
      }
    },
    "passthrough-counter": {
      "version": "1.0.0",
      "resolved": "http://registry.npm.taobao.org/passthrough-counter/download/passthrough-counter-1.0.0.tgz"
    },
    "swig": {
      "version": "1.4.2",
      "resolved": "http://registry.npm.taobao.org/swig/download/swig-1.4.2.tgz",
      "requires": {
        "optimist": "~0.6"
      },
      "dependencies": {
        "optimist": {
          "version": "http://registry.npm.taobao.org/optimist/download/optimist-0.6.1.tgz",
          "bundled": true
        },
        "uglify-js": {
          "version": "http://registry.npm.taobao.org/uglify-js/download/uglify-js-2.4.24.tgz",
          "bundled": true
        }
      }
    },
    "type-is": {
      "version": "1.6.16",
      "resolved": "http://registry.npm.taobao.org/type-is/download/type-is-1.6.16.tgz",
      "dependencies": {
        "media-typer": {
          "version": "http://registry.npm.taobao.org/media-typer/download/media-typer-0.3.0.tgz",
          "bundled": true
        },
        "mime-types": {
          "version": "http://registry.npm.taobao.org/mime-types/download/mime-types-2.1.22.tgz",
          "bundled": true,
          "dependencies": {
            "mime-db": {
              "version": "http://registry.npm.taobao.org/mime-db/download/mime-db-1.38.0.tgz",
              "bundled": true
            }
          }
        }
      }
    },
    "unpipe": {
      "version": "1.0.0",
      "resolved": "http://registry.npm.taobao.org/unpipe/download/unpipe-1.0.0.tgz"
    }
  }
}
